Microsoft Visual Studio Solution File, Format Version 11.00
# Visual Studio 2008

Project("{9C213A31-B67B-B657-7CAB-725E4B50C48E}") = "Pradeep_Android_UI", "Assembly-CSharp.csproj", "{26D6F938-CA7D-71DC-0207-DF2262053842}"
EndProject
Global
	GlobalSection(SolutionConfigurationPlatforms) = preSolution
		Debug|Any CPU = Debug|Any CPU
		Release|Any CPU = Release|Any CPU
	EndGlobalSection
	GlobalSection(ProjectConfigurationPlatforms) = postSolution
		{26D6F938-CA7D-71DC-0207-DF2262053842}.Debug|Any CPU.ActiveCfg = Debug|Any CPU
		{26D6F938-CA7D-71DC-0207-DF2262053842}.Debug|Any CPU.Build.0 = Debug|Any CPU
		{26D6F938-CA7D-71DC-0207-DF2262053842}.Release|Any CPU.ActiveCfg = Release|Any CPU
		{26D6F938-CA7D-71DC-0207-DF2262053842}.Release|Any CPU.Build.0 = Release|Any CPU
	EndGlobalSection
	GlobalSection(SolutionProperties) = preSolution
		HideSolutionNode = FALSE
	EndGlobalSection
	GlobalSection(MonoDevelopProperties) = preSolution
		StartupItem = Assembly-CSharp.csproj
	EndGlobalSection
EndGlobal
